
Microsoft Visual Studio Solution File, Format Version 12.00
# Visual Studio Version 17
VisualStudioVersion = 17.14.36203.30 d17.14
MinimumVisualStudioVersion = 10.0.40219.1
Project("{FAE04EC0-301F-11D3-BF4B-00C04F79EFBC}") = "Smartsheet-Exporter", "Smartsheet-Exporter\Smartsheet-Exporter.csproj", "{3D7ADD70-72E8-45FC-A99A-4EDC144933FB}"
EndProject
Global
	GlobalSection(SolutionConfigurationPlatforms) = preSolution
		Debug|Any CPU = Debug|Any CPU
		Release|Any CPU = Release|Any CPU
	EndGlobalSection
	GlobalSection(ProjectConfigurationPlatforms) = postSolution
		{3D7ADD70-72E8-45FC-A99A-4EDC144933FB}.Debug|Any CPU.ActiveCfg = Debug|Any CPU
		{3D7ADD70-72E8-45FC-A99A-4EDC144933FB}.Debug|Any CPU.Build.0 = Debug|Any CPU
		{3D7ADD70-72E8-45FC-A99A-4EDC144933FB}.Release|Any CPU.ActiveCfg = Release|Any CPU
		{3D7ADD70-72E8-45FC-A99A-4EDC144933FB}.Release|Any CPU.Build.0 = Release|Any CPU
	EndGlobalSection
	GlobalSection(SolutionProperties) = preSolution
		HideSolutionNode = FALSE
	EndGlobalSection
	GlobalSection(ExtensibilityGlobals) = postSolution
		SolutionGuid = {D8B105F3-7D06-4111-8BDC-EB2B41DBCEB0}
	EndGlobalSection
EndGlobal
